
Microsoft Visual Studio Solution File, Format Version 12.00
# Visual Studio Version 16
VisualStudioVersion = 16.0.28917.181
MinimumVisualStudioVersion = 10.0.40219.1
Project("{FAE04EC0-301F-11D3-BF4B-00C04F79EFBC}") = "UNAD", "UNAD\UNAD.csproj", "{DC96170C-F185-47D3-B729-2B2274374144}"
EndProject
Global
	GlobalSection(SolutionConfigurationPlatforms) = preSolution
		Debug|Any CPU = Debug|Any CPU
		Release|Any CPU = Release|Any CPU
	EndGlobalSection
	GlobalSection(ProjectConfigurationPlatforms) = postSolution
		{DC96170C-F185-47D3-B729-2B2274374144}.Debug|Any CPU.ActiveCfg = Debug|Any CPU
		{DC96170C-F185-47D3-B729-2B2274374144}.Debug|Any CPU.Build.0 = Debug|Any CPU
		{DC96170C-F185-47D3-B729-2B2274374144}.Release|Any CPU.ActiveCfg = Release|Any CPU
		{DC96170C-F185-47D3-B729-2B2274374144}.Release|Any CPU.Build.0 = Release|Any CPU
	EndGlobalSection
	GlobalSection(SolutionProperties) = preSolution
		HideSolutionNode = FALSE
	EndGlobalSection
	GlobalSection(ExtensibilityGlobals) = postSolution
		SolutionGuid = {3E52326B-07BB-48E6-95E6-AD71F59BE039}
	EndGlobalSection
EndGlobal
